{
    "_readme": [
        "This file locks the dependencies of your project to a known state",
        "Read more about it at https://getcomposer.org/doc/01-basic-usage.md#composer-lock-the-lock-file",
        "This file is @generated automatically"
    ],
    "content-hash": "20fd7d94d0f49d4aaa6683fb275c1659",
    "packages": [
        {
            "name": "bobdenotter/seo",
            "version": "1.0.7",
            "source": {
                "type": "git",
                "url": "https://github.com/bobdenotter/seo.git",
                "reference": "1247de387c9d6cebf456606c266487e0c46a1a78"
            },
            "dist": {
                "type": "zip",
                "url": "https://api.github.com/repos/bobdenotter/seo/zipball/1247de387c9d6cebf456606c266487e0c46a1a78",
                "reference": "1247de387c9d6cebf456606c266487e0c46a1a78",
                "shasum": ""
            },
            "require": {
                "bolt/bolt": "^3.0"
            },
            "type": "bolt-extension",
            "extra": {
                "bolt-assets": "web",
                "bolt-class": "Bolt\\Extension\\BobdenOtter\\Seo\\SeoExtension"
            },
            "autoload": {
                "psr-4": {
                    "Bolt\\Extension\\BobdenOtter\\Seo\\": "src"
                }
            },
            "license": [
                "MIT"
            ],
            "authors": [
                {
                    "name": "Bob den Otter",
                    "email": "bob@twokings.nl"
                }
            ],
            "description": "An extension to easily manage SEO title, meta description and OG tags.",
            "support": {
                "source": "https://github.com/bobdenotter/seo/tree/master",
                "issues": "https://github.com/bobdenotter/seo/issues"
            },
            "time": "2018-01-12T11:54:14+00:00"
        }
    ],
    "packages-dev": [],
    "aliases": [],
    "minimum-stability": "stable",
    "stability-flags": [],
    "prefer-stable": true,
    "prefer-lowest": false,
    "platform": [],
    "platform-dev": []
}
